// !$*UTF8*$!
{
	archiveVersion = 1;
	classes = {
	};
	objectVersion = 56;
	objects = {

/* Begin PBXBuildFile section */
		838831CD295945F700499EC1 /* GoogleMobileAds in Frameworks */ = {isa = PBXBuildFile; productRef = 838831CC295945F700499EC1 /* GoogleMobileAds */; };
		83AC13522953FEF7000880A5 /* AppDelegate.swift in Sources */ = {isa = PBXBuildFile; fileRef = 83AC13512953FEF7000880A5 /* AppDelegate.swift */; };
		83AC13542953FEF7000880A5 /* GameScene.sks in Resources */ = {isa = PBXBuildFile; fileRef = 83AC13532953FEF7000880A5 /* GameScene.sks */; };
		83AC13562953FEF7000880A5 /* Actions.sks in Resources */ = {isa = PBXBuildFile; fileRef = 83AC13552953FEF7000880A5 /* Actions.sks */; };
		83AC13582953FEF7000880A5 /* GameScene.swift in Sources */ = {isa = PBXBuildFile; fileRef = 83AC13572953FEF7000880A5 /* GameScene.swift */; };
		83AC135A2953FEF7000880A5 /* GameViewController.swift in Sources */ = {isa = PBXBuildFile; fileRef = 83AC13592953FEF7000880A5 /* GameViewController.swift */; };
		83AC135D2953FEF7000880A5 /* Main.storyboard in Resources */ = {isa = PBXBuildFile; fileRef = 83AC135B2953FEF7000880A5 /* Main.storyboard */; };
		83AC135F2953FEFB000880A5 /* Assets.xcassets in Resources */ = {isa = PBXBuildFile; fileRef = 83AC135E2953FEFB000880A5 /* Assets.xcassets */; };
		83AC13622953FEFB000880A5 /* LaunchScreen.storyboard in Resources */ = {isa = PBXBuildFile; fileRef = 83AC13602953FEFB000880A5 /* LaunchScreen.storyboard */; };
		83D6B6EE2954198A00230EB6 /* TitleScene.swift in Sources */ = {isa = PBXBuildFile; fileRef = 83D6B6ED2954198A00230EB6 /* TitleScene.swift */; };
		83D6B6F02954369200230EB6 /* ResultScene.swift in Sources */ = {isa = PBXBuildFile; fileRef = 83D6B6EF2954369200230EB6 /* ResultScene.swift */; };
		DCE01EAEFA9F3C92A22356A8 /* Pods_FootballGame.framework in Frameworks */ = {isa = PBXBuildFile; fileRef = 93A5461BFD7670ED29109534 /* Pods_FootballGame.framework */; };
/* End PBXBuildFile section */

/* Begin PBXFileReference section */
		0080B51E59298F0A0192FAC9 /* Pods-FootballGame.debug.xcconfig */ = {isa = PBXFileReference; includeInIndex = 1; lastKnownFileType = text.xcconfig; name = "Pods-FootballGame.debug.xcconfig"; path = "Target Support Files/Pods-FootballGame/Pods-FootballGame.debug.xcconfig"; sourceTree = "<group>"; };
		7D78C1260A902E98E04BC3D8 /* Pods-FootballGame.release.xcconfig */ = {isa = PBXFileReference; includeInIndex = 1; lastKnownFileType = text.xcconfig; name = "Pods-FootballGame.release.xcconfig"; path = "Target Support Files/Pods-FootballGame/Pods-FootballGame.release.xcconfig"; sourceTree = "<group>"; };
		83AC134E2953FEF7000880A5 /* FootballGame.app */ = {isa = PBXFileReference; explicitFileType = wrapper.application; includeInIndex = 0; path = FootballGame.app; sourceTree = BUILT_PRODUCTS_DIR; };
		83AC13512953FEF7000880A5 /* AppDelegate.swift */ = {isa = PBXFileReference; lastKnownFileType = sourcecode.swift; path = AppDelegate.swift; sourceTree = "<group>"; };
		83AC13532953FEF7000880A5 /* GameScene.sks */ = {isa = PBXFileReference; lastKnownFileType = file.sks; path = GameScene.sks; sourceTree = "<group>"; };
		83AC13552953FEF7000880A5 /* Actions.sks */ = {isa = PBXFileReference; lastKnownFileType = file.sks; path = Actions.sks; sourceTree = "<group>"; };
		83AC13572953FEF7000880A5 /* GameScene.swift */ = {isa = PBXFileReference; lastKnownFileType = sourcecode.swift; path = GameScene.swift; sourceTree = "<group>"; };
		83AC13592953FEF7000880A5 /* GameViewController.swift */ = {isa = PBXFileReference; lastKnownFileType = sourcecode.swift; path = GameViewController.swift; sourceTree = "<group>"; };
		83AC135C2953FEF7000880A5 /* Base */ = {isa = PBXFileReference; lastKnownFileType = file.storyboard; name = Base; path = Base.lproj/Main.storyboard; sourceTree = "<group>"; };
		83AC135E2953FEFB000880A5 /* Assets.xcassets */ = {isa = PBXFileReference; lastKnownFileType = folder.assetcatalog; path = Assets.xcassets; sourceTree = "<group>"; };
		83AC13612953FEFB000880A5 /* Base */ = {isa = PBXFileReference; lastKnownFileType = file.storyboard; name = Base; path = Base.lproj/LaunchScreen.storyboard; sourceTree = "<group>"; };
		83BE08042955772E00E67A1F /* FootballGame.entitlements */ = {isa = PBXFileReference; lastKnownFileType = text.plist.entitlements; path = FootballGame.entitlements; sourceTree = "<group>"; };
		83BE08052955785500E67A1F /* Info.plist */ = {isa = PBXFileReference; lastKnownFileType = text.plist; path = Info.plist; sourceTree = "<group>"; };
		83D6B6ED2954198A00230EB6 /* TitleScene.swift */ = {isa = PBXFileReference; lastKnownFileType = sourcecode.swift; path = TitleScene.swift; sourceTree = "<group>"; };
		83D6B6EF2954369200230EB6 /* ResultScene.swift */ = {isa = PBXFileReference; lastKnownFileType = sourcecode.swift; path = ResultScene.swift; sourceTree = "<group>"; };
		93A5461BFD7670ED29109534 /* Pods_FootballGame.framework */ = {isa = PBXFileReference; explicitFileType = wrapper.framework; includeInIndex = 0; path = Pods_FootballGame.framework; sourceTree = BUILT_PRODUCTS_DIR; };
/* End PBXFileReference section */

/* Begin PBXFrameworksBuildPhase section */
		83AC134B2953FEF7000880A5 /* Frameworks */ = {
			isa = PBXFrameworksBuildPhase;
			buildActionMask = 2147483647;
			files = (
				838831CD295945F700499EC1 /* GoogleMobileAds in Frameworks */,
				DCE01EAEFA9F3C92A22356A8 /* Pods_FootballGame.framework in Frameworks */,
			);
			runOnlyForDeploymentPostprocessing = 0;
		};
/* End PBXFrameworksBuildPhase section */

/* Begin PBXGroup section */
		83AC13452953FEF7000880A5 = {
			isa = PBXGroup;
			children = (
				83AC13502953FEF7000880A5 /* FootballGame */,
				83AC134F2953FEF7000880A5 /* Products */,
				8AE90EE1C77A42DDE5F11D8E /* Pods */,
				9EFDA892AE6EC4CA7F4D237C /* Frameworks */,
			);
			sourceTree = "<group>";
		};
		83AC134F2953FEF7000880A5 /* Products */ = {
			isa = PBXGroup;
			children = (
				83AC134E2953FEF7000880A5 /* FootballGame.app */,
			);
			name = Products;
			sourceTree = "<group>";
		};
		83AC13502953FEF7000880A5 /* FootballGame */ = {
			isa = PBXGroup;
			children = (
				83BE08052955785500E67A1F /* Info.plist */,
				83BE08042955772E00E67A1F /* FootballGame.entitlements */,
				83AC13512953FEF7000880A5 /* AppDelegate.swift */,
				83AC13532953FEF7000880A5 /* GameScene.sks */,
				83AC13552953FEF7000880A5 /* Actions.sks */,
				83AC13572953FEF7000880A5 /* GameScene.swift */,
				83D6B6ED2954198A00230EB6 /* TitleScene.swift */,
				83D6B6EF2954369200230EB6 /* ResultScene.swift */,
				83AC13592953FEF7000880A5 /* GameViewController.swift */,
				83AC135B2953FEF7000880A5 /* Main.storyboard */,
				83AC135E2953FEFB000880A5 /* Assets.xcassets */,
				83AC13602953FEFB000880A5 /* LaunchScreen.storyboard */,
			);
			path = FootballGame;
			sourceTree = "<group>";
		};
		8AE90EE1C77A42DDE5F11D8E /* Pods */ = {
			isa = PBXGroup;
			children = (
				0080B51E59298F0A0192FAC9 /* Pods-FootballGame.debug.xcconfig */,
				7D78C1260A902E98E04BC3D8 /* Pods-FootballGame.release.xcconfig */,
			);
			path = Pods;
			sourceTree = "<group>";
		};
		9EFDA892AE6EC4CA7F4D237C /* Frameworks */ = {
			isa = PBXGroup;
			children = (
				93A5461BFD7670ED29109534 /* Pods_FootballGame.framework */,
			);
			name = Frameworks;
			sourceTree = "<group>";
		};
/* End PBXGroup section */

/* Begin PBXNativeTarget section */
		83AC134D2953FEF7000880A5 /* FootballGame */ = {
			isa = PBXNativeTarget;
			buildConfigurationList = 83AC13652953FEFB000880A5 /* Build configuration list for PBXNativeTarget "FootballGame" */;
			buildPhases = (
				D6C3120776BF1964E81A7E6E /* [CP] Check Pods Manifest.lock */,
				83AC134A2953FEF7000880A5 /* Sources */,
				83AC134B2953FEF7000880A5 /* Frameworks */,
				83AC134C2953FEF7000880A5 /* Resources */,
				E0DCF6E7CA76A67518776424 /* [CP] Embed Pods Frameworks */,
			);
			buildRules = (
			);
			dependencies = (
			);
			name = FootballGame;
			packageProductDependencies = (
				838831CC295945F700499EC1 /* GoogleMobileAds */,
			);
			productName = FootballGame;
			productReference = 83AC134E2953FEF7000880A5 /* FootballGame.app */;
			productType = "com.apple.product-type.application";
		};
/* End PBXNativeTarget section */

/* Begin PBXProject section */
		83AC13462953FEF7000880A5 /* Project object */ = {
			isa = PBXProject;
			attributes = {
				BuildIndependentTargetsInParallel = 1;
				LastSwiftUpdateCheck = 1420;
				LastUpgradeCheck = 1420;
				TargetAttributes = {
					83AC134D2953FEF7000880A5 = {
						CreatedOnToolsVersion = 14.2;
					};
				};
			};
			buildConfigurationList = 83AC13492953FEF7000880A5 /* Build configuration list for PBXProject "FootballGame" */;
			compatibilityVersion = "Xcode 14.0";
			developmentRegion = en;
			hasScannedForEncodings = 0;
			knownRegions = (
				en,
				Base,
			);
			mainGroup = 83AC13452953FEF7000880A5;
			packageReferences = (
				838831CB295945F700499EC1 /* XCRemoteSwiftPackageReference "swift-package-manager-google-mobile-ads" */,
			);
			productRefGroup = 83AC134F2953FEF7000880A5 /* Products */;
			projectDirPath = "";
			projectRoot = "";
			targets = (
				83AC134D2953FEF7000880A5 /* FootballGame */,
			);
		};
/* End PBXProject section */

/* Begin PBXResourcesBuildPhase section */
		83AC134C2953FEF7000880A5 /* Resources */ = {
			isa = PBXResourcesBuildPhase;
			buildActionMask = 2147483647;
			files = (
				83AC135D2953FEF7000880A5 /* Main.storyboard in Resources */,
				83AC13542953FEF7000880A5 /* GameScene.sks in Resources */,
				83AC135F2953FEFB000880A5 /* Assets.xcassets in Resources */,
				83AC13622953FEFB000880A5 /* LaunchScreen.storyboard in Resources */,
				83AC13562953FEF7000880A5 /* Actions.sks in Resources */,
			);
			runOnlyForDeploymentPostprocessing = 0;
		};
/* End PBXResourcesBuildPhase section */

/* Begin PBXShellScriptBuildPhase section */
		D6C3120776BF1964E81A7E6E /* [CP] Check Pods Manifest.lock */ = {
			isa = PBXShellScriptBuildPhase;
			buildActionMask = 2147483647;
			files = (
			);
			inputFileListPaths = (
			);
			inputPaths = (
				"${PODS_PODFILE_DIR_PATH}/Podfile.lock",
				"${PODS_ROOT}/Manifest.lock",
			);
			name = "[CP] Check Pods Manifest.lock";
			outputFileListPaths = (
			);
			outputPaths = (
				"$(DERIVED_FILE_DIR)/Pods-FootballGame-checkManifestLockResult.txt",
			);
			runOnlyForDeploymentPostprocessing = 0;
			shellPath = /bin/sh;
			shellScript = "diff \"${PODS_PODFILE_DIR_PATH}/Podfile.lock\" \"${PODS_ROOT}/Manifest.lock\" > /dev/null\nif [ $? != 0 ] ; then\n    # print error to STDERR\n    echo \"error: The sandbox is not in sync with the Podfile.lock. Run 'pod install' or update your CocoaPods installation.\" >&2\n    exit 1\nfi\n# This output is used by Xcode 'outputs' to avoid re-running this script phase.\necho \"SUCCESS\" > \"${SCRIPT_OUTPUT_FILE_0}\"\n";
			showEnvVarsInLog = 0;
		};
		E0DCF6E7CA76A67518776424 /* [CP] Embed Pods Frameworks */ = {
			isa = PBXShellScriptBuildPhase;
			buildActionMask = 2147483647;
			files = (
			);
			inputFileListPaths = (
				"${PODS_ROOT}/Target Support Files/Pods-FootballGame/Pods-FootballGame-frameworks-${CONFIGURATION}-input-files.xcfilelist",
			);
			name = "[CP] Embed Pods Frameworks";
			outputFileListPaths = (
				"${PODS_ROOT}/Target Support Files/Pods-FootballGame/Pods-FootballGame-frameworks-${CONFIGURATION}-output-files.xcfilelist",
			);
			runOnlyForDeploymentPostprocessing = 0;
			shellPath = /bin/sh;
			shellScript = "\"${PODS_ROOT}/Target Support Files/Pods-FootballGame/Pods-FootballGame-frameworks.sh\"\n";
			showEnvVarsInLog = 0;
		};
/* End PBXShellScriptBuildPhase section */

/* Begin PBXSourcesBuildPhase section */
		83AC134A2953FEF7000880A5 /* Sources */ = {
			isa = PBXSourcesBuildPhase;
			buildActionMask = 2147483647;
			files = (
				83AC13582953FEF7000880A5 /* GameScene.swift in Sources */,
				83AC135A2953FEF7000880A5 /* GameViewController.swift in Sources */,
				83AC13522953FEF7000880A5 /* AppDelegate.swift in Sources */,
				83D6B6F02954369200230EB6 /* ResultScene.swift in Sources */,
				83D6B6EE2954198A00230EB6 /* TitleScene.swift in Sources */,
			);
			runOnlyForDeploymentPostprocessing = 0;
		};
/* End PBXSourcesBuildPhase section */

/* Begin PBXVariantGroup section */
		83AC135B2953FEF7000880A5 /* Main.storyboard */ = {
			isa = PBXVariantGroup;
			children = (
				83AC135C2953FEF7000880A5 /* Base */,
			);
			name = Main.storyboard;
			sourceTree = "<group>";
		};
		83AC13602953FEFB000880A5 /* LaunchScreen.storyboard */ = {
			isa = PBXVariantGroup;
			children = (
				83AC13612953FEFB000880A5 /* Base */,
			);
			name = LaunchScreen.storyboard;
			sourceTree = "<group>";
		};
/* End PBXVariantGroup section */

/* Begin XCBuildConfiguration section */
		83AC13632953FEFB000880A5 /* Debug */ = {
			isa = XCBuildConfiguration;
			buildSettings = {
				ALWAYS_SEARCH_USER_PATHS = NO;
				CLANG_ANALYZER_NONNULL = YES;
				CLANG_ANALYZER_NUMBER_OBJECT_CONVERSION = YES_AGGRESSIVE;
				CLANG_CXX_LANGUAGE_STANDARD = "gnu++20";
				CLANG_ENABLE_MODULES = YES;
				CLANG_ENABLE_OBJC_ARC = YES;
				CLANG_ENABLE_OBJC_WEAK = YES;
				CLANG_WARN_BLOCK_CAPTURE_AUTORELEASING = YES;
				CLANG_WARN_BOOL_CONVERSION = YES;
				CLANG_WARN_COMMA = YES;
				CLANG_WARN_CONSTANT_CONVERSION = YES;
				CLANG_WARN_DEPRECATED_OBJC_IMPLEMENTATIONS = YES;
				CLANG_WARN_DIRECT_OBJC_ISA_USAGE = YES_ERROR;
				CLANG_WARN_DOCUMENTATION_COMMENTS = YES;
				CLANG_WARN_EMPTY_BODY = YES;
				CLANG_WARN_ENUM_CONVERSION = YES;
				CLANG_WARN_INFINITE_RECURSION = YES;
				CLANG_WARN_INT_CONVERSION = YES;
				CLANG_WARN_NON_LITERAL_NULL_CONVERSION = YES;
				CLANG_WARN_OBJC_IMPLICIT_RETAIN_SELF = YES;
				CLANG_WARN_OBJC_LITERAL_CONVERSION = YES;
				CLANG_WARN_OBJC_ROOT_CLASS = YES_ERROR;
				CLANG_WARN_QUOTED_INCLUDE_IN_FRAMEWORK_HEADER = YES;
				CLANG_WARN_RANGE_LOOP_ANALYSIS = YES;
				CLANG_WARN_STRICT_PROTOTYPES = YES;
				CLANG_WARN_SUSPICIOUS_MOVE = YES;
				CLANG_WARN_UNGUARDED_AVAILABILITY = YES_AGGRESSIVE;
				CLANG_WARN_UNREACHABLE_CODE = YES;
				CLANG_WARN__DUPLICATE_METHOD_MATCH = YES;
				COPY_PHASE_STRIP = NO;
				DEBUG_INFORMATION_FORMAT = dwarf;
				ENABLE_STRICT_OBJC_MSGSEND = YES;
				ENABLE_TESTABILITY = YES;
				GCC_C_LANGUAGE_STANDARD = gnu11;
				GCC_DYNAMIC_NO_PIC = NO;
				GCC_NO_COMMON_BLOCKS = YES;
				GCC_OPTIMIZATION_LEVEL = 0;
				GCC_PREPROCESSOR_DEFINITIONS = (
					"DEBUG=1",
					"$(inherited)",
				);
				GCC_WARN_64_TO_32_BIT_CONVERSION = YES;
				GCC_WARN_ABOUT_RETURN_TYPE = YES_ERROR;
				GCC_WARN_UNDECLARED_SELECTOR = YES;
				GCC_WARN_UNINITIALIZED_AUTOS = YES_AGGRESSIVE;
				GCC_WARN_UNUSED_FUNCTION = YES;
				GCC_WARN_UNUSED_VARIABLE = YES;
				IPHONEOS_DEPLOYMENT_TARGET = 16.2;
				MTL_ENABLE_DEBUG_INFO = INCLUDE_SOURCE;
				MTL_FAST_MATH = YES;
				ONLY_ACTIVE_ARCH = YES;
				SDKROOT = iphoneos;
				SWIFT_ACTIVE_COMPILATION_CONDITIONS = DEBUG;
				SWIFT_OPTIMIZATION_LEVEL = "-Onone";
			};
			name = Debug;
		};
		83AC13642953FEFB000880A5 /* Release */ = {
			isa = XCBuildConfiguration;
			buildSettings = {
				ALWAYS_SEARCH_USER_PATHS = NO;
				CLANG_ANALYZER_NONNULL = YES;
				CLANG_ANALYZER_NUMBER_OBJECT_CONVERSION = YES_AGGRESSIVE;
				CLANG_CXX_LANGUAGE_STANDARD = "gnu++20";
				CLANG_ENABLE_MODULES = YES;
				CLANG_ENABLE_OBJC_ARC = YES;
				CLANG_ENABLE_OBJC_WEAK = YES;
				CLANG_WARN_BLOCK_CAPTURE_AUTORELEASING = YES;
				CLANG_WARN_BOOL_CONVERSION = YES;
				CLANG_WARN_COMMA = YES;
				CLANG_WARN_CONSTANT_CONVERSION = YES;
				CLANG_WARN_DEPRECATED_OBJC_IMPLEMENTATIONS = YES;
				CLANG_WARN_DIRECT_OBJC_ISA_USAGE = YES_ERROR;
				CLANG_WARN_DOCUMENTATION_COMMENTS = YES;
				CLANG_WARN_EMPTY_BODY = YES;
				CLANG_WARN_ENUM_CONVERSION = YES;
				CLANG_WARN_INFINITE_RECURSION = YES;
				CLANG_WARN_INT_CONVERSION = YES;
				CLANG_WARN_NON_LITERAL_NULL_CONVERSION = YES;
				CLANG_WARN_OBJC_IMPLICIT_RETAIN_SELF = YES;
				CLANG_WARN_OBJC_LITERAL_CONVERSION = YES;
				CLANG_WARN_OBJC_ROOT_CLASS = YES_ERROR;
				CLANG_WARN_QUOTED_INCLUDE_IN_FRAMEWORK_HEADER = YES;
				CLANG_WARN_RANGE_LOOP_ANALYSIS = YES;
				CLANG_WARN_STRICT_PROTOTYPES = YES;
				CLANG_WARN_SUSPICIOUS_MOVE = YES;
				CLANG_WARN_UNGUARDED_AVAILABILITY = YES_AGGRESSIVE;
				CLANG_WARN_UNREACHABLE_CODE = YES;
				CLANG_WARN__DUPLICATE_METHOD_MATCH = YES;
				COPY_PHASE_STRIP = NO;
				DEBUG_INFORMATION_FORMAT = "dwarf-with-dsym";
				ENABLE_NS_ASSERTIONS = NO;
				ENABLE_STRICT_OBJC_MSGSEND = YES;
				GCC_C_LANGUAGE_STANDARD = gnu11;
				GCC_NO_COMMON_BLOCKS = YES;
				GCC_WARN_64_TO_32_BIT_CONVERSION = YES;
				GCC_WARN_ABOUT_RETURN_TYPE = YES_ERROR;
				GCC_WARN_UNDECLARED_SELECTOR = YES;
				GCC_WARN_UNINITIALIZED_AUTOS = YES_AGGRESSIVE;
				GCC_WARN_UNUSED_FUNCTION = YES;
				GCC_WARN_UNUSED_VARIABLE = YES;
				IPHONEOS_DEPLOYMENT_TARGET = 16.2;
				MTL_ENABLE_DEBUG_INFO = NO;
				MTL_FAST_MATH = YES;
				SDKROOT = iphoneos;
				SWIFT_COMPILATION_MODE = wholemodule;
				SWIFT_OPTIMIZATION_LEVEL = "-O";
				VALIDATE_PRODUCT = YES;
			};
			name = Release;
		};
		83AC13662953FEFB000880A5 /* Debug */ = {
			isa = XCBuildConfiguration;
			baseConfigurationReference = 0080B51E59298F0A0192FAC9 /* Pods-FootballGame.debug.xcconfig */;
			buildSettings = {
				ASSETCATALOG_COMPILER_APPICON_NAME = AppIcon;
				ASSETCATALOG_COMPILER_GLOBAL_ACCENT_COLOR_NAME = AccentColor;
				CODE_SIGN_ENTITLEMENTS = FootballGame/FootballGame.entitlements;
				CODE_SIGN_STYLE = Automatic;
				CURRENT_PROJECT_VERSION = 1;
				DEVELOPMENT_TEAM = LWJD5CUZT3;
				GENERATE_INFOPLIST_FILE = YES;
				INFOPLIST_FILE = FootballGame/Info.plist;
				INFOPLIST_KEY_CFBundleDisplayName = "Football Referee";
				INFOPLIST_KEY_UIApplicationSupportsIndirectInputEvents = YES;
				INFOPLIST_KEY_UILaunchStoryboardName = LaunchScreen;
				INFOPLIST_KEY_UIMainStoryboardFile = Main;
				INFOPLIST_KEY_UIRequiredDeviceCapabilities = gamekit;
				INFOPLIST_KEY_UIStatusBarHidden = YES;
				INFOPLIST_KEY_UISupportedInterfaceOrientations_iPad = "UIInterfaceOrientationPortrait UIInterfaceOrientationPortraitUpsideDown UIInterfaceOrientationLandscapeLeft UIInterfaceOrientationLandscapeRight";
				INFOPLIST_KEY_UISupportedInterfaceOrientations_iPhone = "UIInterfaceOrientationPortrait UIInterfaceOrientationLandscapeLeft UIInterfaceOrientationLandscapeRight";
				IPHONEOS_DEPLOYMENT_TARGET = 15.0;
				LD_RUNPATH_SEARCH_PATHS = (
					"$(inherited)",
					"@executable_path/Frameworks",
				);
				MARKETING_VERSION = 1.02;
				PRODUCT_BUNDLE_IDENTIFIER = jp.techacademy.naoki.nishio.FootballGame;
				PRODUCT_NAME = "$(TARGET_NAME)";
				SWIFT_EMIT_LOC_STRINGS = YES;
				SWIFT_VERSION = 5.0;
				TARGETED_DEVICE_FAMILY = 1;
			};
			name = Debug;
		};
		83AC13672953FEFB000880A5 /* Release */ = {
			isa = XCBuildConfiguration;
			baseConfigurationReference = 7D78C1260A902E98E04BC3D8 /* Pods-FootballGame.release.xcconfig */;
			buildSettings = {
				ASSETCATALOG_COMPILER_APPICON_NAME = AppIcon;
				ASSETCATALOG_COMPILER_GLOBAL_ACCENT_COLOR_NAME = AccentColor;
				CODE_SIGN_ENTITLEMENTS = FootballGame/FootballGame.entitlements;
				CODE_SIGN_STYLE = Automatic;
				CURRENT_PROJECT_VERSION = 1;
				DEVELOPMENT_TEAM = LWJD5CUZT3;
				GENERATE_INFOPLIST_FILE = YES;
				INFOPLIST_FILE = FootballGame/Info.plist;
				INFOPLIST_KEY_CFBundleDisplayName = "Football Referee";
				INFOPLIST_KEY_UIApplicationSupportsIndirectInputEvents = YES;
				INFOPLIST_KEY_UILaunchStoryboardName = LaunchScreen;
				INFOPLIST_KEY_UIMainStoryboardFile = Main;
				INFOPLIST_KEY_UIRequiredDeviceCapabilities = gamekit;
				INFOPLIST_KEY_UIStatusBarHidden = YES;
				INFOPLIST_KEY_UISupportedInterfaceOrientations_iPad = "UIInterfaceOrientationPortrait UIInterfaceOrientationPortraitUpsideDown UIInterfaceOrientationLandscapeLeft UIInterfaceOrientationLandscapeRight";
				INFOPLIST_KEY_UISupportedInterfaceOrientations_iPhone = "UIInterfaceOrientationPortrait UIInterfaceOrientationLandscapeLeft UIInterfaceOrientationLandscapeRight";
				IPHONEOS_DEPLOYMENT_TARGET = 15.0;
				LD_RUNPATH_SEARCH_PATHS = (
					"$(inherited)",
					"@executable_path/Frameworks",
				);
				MARKETING_VERSION = 1.02;
				PRODUCT_BUNDLE_IDENTIFIER = jp.techacademy.naoki.nishio.FootballGame;
				PRODUCT_NAME = "$(TARGET_NAME)";
				SWIFT_EMIT_LOC_STRINGS = YES;
				SWIFT_VERSION = 5.0;
				TARGETED_DEVICE_FAMILY = 1;
			};
			name = Release;
		};
/* End XCBuildConfiguration section */

/* Begin XCConfigurationList section */
		83AC13492953FEF7000880A5 /* Build configuration list for PBXProject "FootballGame" */ = {
			isa = XCConfigurationList;
			buildConfigurations = (
				83AC13632953FEFB000880A5 /* Debug */,
				83AC13642953FEFB000880A5 /* Release */,
			);
			defaultConfigurationIsVisible = 0;
			defaultConfigurationName = Release;
		};
		83AC13652953FEFB000880A5 /* Build configuration list for PBXNativeTarget "FootballGame" */ = {
			isa = XCConfigurationList;
			buildConfigurations = (
				83AC13662953FEFB000880A5 /* Debug */,
				83AC13672953FEFB000880A5 /* Release */,
			);
			defaultConfigurationIsVisible = 0;
			defaultConfigurationName = Release;
		};
/* End XCConfigurationList section */

/* Begin XCRemoteSwiftPackageReference section */
		838831CB295945F700499EC1 /* XCRemoteSwiftPackageReference "swift-package-manager-google-mobile-ads" */ = {
			isa = XCRemoteSwiftPackageReference;
			repositoryURL = "https://github.com/googleads/swift-package-manager-google-mobile-ads.git";
			requirement = {
				kind = upToNextMajorVersion;
				minimumVersion = 9.0.0;
			};
		};
/* End XCRemoteSwiftPackageReference section */

/* Begin XCSwiftPackageProductDependency section */
		838831CC295945F700499EC1 /* GoogleMobileAds */ = {
			isa = XCSwiftPackageProductDependency;
			package = 838831CB295945F700499EC1 /* XCRemoteSwiftPackageReference "swift-package-manager-google-mobile-ads" */;
			productName = GoogleMobileAds;
		};
/* End XCSwiftPackageProductDependency section */
	};
	rootObject = 83AC13462953FEF7000880A5 /* Project object */;
}
